
Microsoft Visual Studio Solution File, Format Version 12.00
# Visual Studio Version 17
VisualStudioVersion = 17.2.32526.322
MinimumVisualStudioVersion = 10.0.40219.1
Project("{FAE04EC0-301F-11D3-BF4B-00C04F79EFBC}") = "DockerAzureTest", "DockerAzureTest\DockerAzureTest.csproj", "{0E303B51-3539-4ED6-8926-8893439603A2}"
EndProject
Global
	GlobalSection(SolutionConfigurationPlatforms) = preSolution
		Debug|Any CPU = Debug|Any CPU
		Release|Any CPU = Release|Any CPU
	EndGlobalSection
	GlobalSection(ProjectConfigurationPlatforms) = postSolution
		{0E303B51-3539-4ED6-8926-8893439603A2}.Debug|Any CPU.ActiveCfg = Debug|Any CPU
		{0E303B51-3539-4ED6-8926-8893439603A2}.Debug|Any CPU.Build.0 = Debug|Any CPU
		{0E303B51-3539-4ED6-8926-8893439603A2}.Release|Any CPU.ActiveCfg = Release|Any CPU
		{0E303B51-3539-4ED6-8926-8893439603A2}.Release|Any CPU.Build.0 = Release|Any CPU
	EndGlobalSection
	GlobalSection(SolutionProperties) = preSolution
		HideSolutionNode = FALSE
	EndGlobalSection
	GlobalSection(ExtensibilityGlobals) = postSolution
		SolutionGuid = {8BDF63D4-5204-4F29-8F8C-440D40BCF4C5}
	EndGlobalSection
EndGlobal
